// !$*UTF8*$!
{
	archiveVersion = 1;
	classes = {
	};
	objectVersion = 56;
	objects = {

/* Begin PBXBuildFile section */
		100000000000000000000001 /* FatCatBreakApp.swift in Sources */ = {isa = PBXBuildFile; fileRef = 200000000000000000000001 /* FatCatBreakApp.swift */; };
		100000000000000000000002 /* AppModel.swift in Sources */ = {isa = PBXBuildFile; fileRef = 200000000000000000000002 /* AppModel.swift */; };
		100000000000000000000003 /* ContentView.swift in Sources */ = {isa = PBXBuildFile; fileRef = 200000000000000000000003 /* ContentView.swift */; };
		100000000000000000000004 /* CatBreakView.swift in Sources */ = {isa = PBXBuildFile; fileRef = 200000000000000000000004 /* CatBreakView.swift */; };
		100000000000000000000005 /* CatConstants.swift in Sources */ = {isa = PBXBuildFile; fileRef = 200000000000000000000005 /* CatConstants.swift */; };
		100000000000000000000006 /* SharedActivityStore.swift in Sources */ = {isa = PBXBuildFile; fileRef = 200000000000000000000006 /* SharedActivityStore.swift */; };
		100000000000000000000007 /* ScreenTimeScheduler.swift in Sources */ = {isa = PBXBuildFile; fileRef = 200000000000000000000007 /* ScreenTimeScheduler.swift */; };
		100000000000000000000008 /* DeviceActivityMonitorExtension.swift in Sources */ = {isa = PBXBuildFile; fileRef = 200000000000000000000008 /* DeviceActivityMonitorExtension.swift */; };
		100000000000000000000009 /* CatConstants.swift in Sources */ = {isa = PBXBuildFile; fileRef = 200000000000000000000005 /* CatConstants.swift */; };
		10000000000000000000000A /* SharedActivityStore.swift in Sources */ = {isa = PBXBuildFile; fileRef = 200000000000000000000006 /* SharedActivityStore.swift */; };
		10000000000000000000000B /* ScreenTimeScheduler.swift in Sources */ = {isa = PBXBuildFile; fileRef = 200000000000000000000007 /* ScreenTimeScheduler.swift */; };
		10000000000000000000000C /* ShieldConfigurationExtension.swift in Sources */ = {isa = PBXBuildFile; fileRef = 200000000000000000000009 /* ShieldConfigurationExtension.swift */; };
		10000000000000000000000D /* CatBreakMonitorExtension.appex in Embed App Extensions */ = {isa = PBXBuildFile; fileRef = 20000000000000000000000D /* CatBreakMonitorExtension.appex */; settings = {ATTRIBUTES = (CodeSignOnCopy, RemoveHeadersOnCopy, ); }; };
		10000000000000000000000E /* CatShieldConfigurationExtension.appex in Embed App Extensions */ = {isa = PBXBuildFile; fileRef = 20000000000000000000000E /* CatShieldConfigurationExtension.appex */; settings = {ATTRIBUTES = (CodeSignOnCopy, RemoveHeadersOnCopy, ); }; };
		10000000000000000000000F /* Firefly-fluffy-graycat.mp4 in Resources */ = {isa = PBXBuildFile; fileRef = 200000000000000000000010 /* Firefly-fluffy-graycat.mp4 */; };
/* End PBXBuildFile section */

/* Begin PBXContainerItemProxy section */
		110000000000000000000001 /* PBXContainerItemProxy */ = {
			isa = PBXContainerItemProxy;
			containerPortal = 300000000000000000000001 /* Project object */;
			proxyType = 1;
			remoteGlobalIDString = 400000000000000000000002;
			remoteInfo = CatBreakMonitorExtension;
		};
		110000000000000000000002 /* PBXContainerItemProxy */ = {
			isa = PBXContainerItemProxy;
			containerPortal = 300000000000000000000001 /* Project object */;
			proxyType = 1;
			remoteGlobalIDString = 400000000000000000000003;
			remoteInfo = CatShieldConfigurationExtension;
		};
/* End PBXContainerItemProxy section */

/* Begin PBXCopyFilesBuildPhase section */
		120000000000000000000001 /* Embed App Extensions */ = {
			isa = PBXCopyFilesBuildPhase;
			buildActionMask = 2147483647;
			dstPath = "";
			dstSubfolderSpec = 13;
			files = (
				10000000000000000000000D /* CatBreakMonitorExtension.appex in Embed App Extensions */,
				10000000000000000000000E /* CatShieldConfigurationExtension.appex in Embed App Extensions */,
			);
			name = "Embed App Extensions";
			runOnlyForDeploymentPostprocessing = 0;
		};
/* End PBXCopyFilesBuildPhase section */

/* Begin PBXFileReference section */
		200000000000000000000001 /* FatCatBreakApp.swift */ = {isa = PBXFileReference; lastKnownFileType = sourcecode.swift; path = FatCatBreakApp.swift; sourceTree = "<group>"; };
		200000000000000000000002 /* AppModel.swift */ = {isa = PBXFileReference; lastKnownFileType = sourcecode.swift; path = AppModel.swift; sourceTree = "<group>"; };
		200000000000000000000003 /* ContentView.swift */ = {isa = PBXFileReference; lastKnownFileType = sourcecode.swift; path = ContentView.swift; sourceTree = "<group>"; };
		200000000000000000000004 /* CatBreakView.swift */ = {isa = PBXFileReference; lastKnownFileType = sourcecode.swift; path = CatBreakView.swift; sourceTree = "<group>"; };
		200000000000000000000005 /* CatConstants.swift */ = {isa = PBXFileReference; lastKnownFileType = sourcecode.swift; path = CatConstants.swift; sourceTree = "<group>"; };
		200000000000000000000006 /* SharedActivityStore.swift */ = {isa = PBXFileReference; lastKnownFileType = sourcecode.swift; path = SharedActivityStore.swift; sourceTree = "<group>"; };
		200000000000000000000007 /* ScreenTimeScheduler.swift */ = {isa = PBXFileReference; lastKnownFileType = sourcecode.swift; path = ScreenTimeScheduler.swift; sourceTree = "<group>"; };
		200000000000000000000008 /* DeviceActivityMonitorExtension.swift */ = {isa = PBXFileReference; lastKnownFileType = sourcecode.swift; path = DeviceActivityMonitorExtension.swift; sourceTree = "<group>"; };
		200000000000000000000009 /* ShieldConfigurationExtension.swift */ = {isa = PBXFileReference; lastKnownFileType = sourcecode.swift; path = ShieldConfigurationExtension.swift; sourceTree = "<group>"; };
		20000000000000000000000A /* FatCatBreak.entitlements */ = {isa = PBXFileReference; lastKnownFileType = text.plist.entitlements; path = FatCatBreak.entitlements; sourceTree = "<group>"; };
		20000000000000000000000B /* CatBreakMonitorExtension.entitlements */ = {isa = PBXFileReference; lastKnownFileType = text.plist.entitlements; path = CatBreakMonitorExtension.entitlements; sourceTree = "<group>"; };
		20000000000000000000000C /* CatShieldConfigurationExtension.entitlements */ = {isa = PBXFileReference; lastKnownFileType = text.plist.entitlements; path = CatShieldConfigurationExtension.entitlements; sourceTree = "<group>"; };
		20000000000000000000000D /* CatBreakMonitorExtension.appex */ = {isa = PBXFileReference; explicitFileType = "wrapper.app-extension"; includeInIndex = 0; path = CatBreakMonitorExtension.appex; sourceTree = BUILT_PRODUCTS_DIR; };
		20000000000000000000000E /* CatShieldConfigurationExtension.appex */ = {isa = PBXFileReference; explicitFileType = "wrapper.app-extension"; includeInIndex = 0; path = CatShieldConfigurationExtension.appex; sourceTree = BUILT_PRODUCTS_DIR; };
		20000000000000000000000F /* FatCatBreak.app */ = {isa = PBXFileReference; explicitFileType = wrapper.application; includeInIndex = 0; path = FatCatBreak.app; sourceTree = BUILT_PRODUCTS_DIR; };
		200000000000000000000010 /* Firefly-fluffy-graycat.mp4 */ = {isa = PBXFileReference; lastKnownFileType = file; path = "Firefly-fluffy-graycat.mp4"; sourceTree = "<group>"; };
/* End PBXFileReference section */

/* Begin PBXFrameworksBuildPhase section */
		210000000000000000000001 /* Frameworks */ = {isa = PBXFrameworksBuildPhase; buildActionMask = 2147483647; files = (); runOnlyForDeploymentPostprocessing = 0; };
		210000000000000000000002 /* Frameworks */ = {isa = PBXFrameworksBuildPhase; buildActionMask = 2147483647; files = (); runOnlyForDeploymentPostprocessing = 0; };
		210000000000000000000003 /* Frameworks */ = {isa = PBXFrameworksBuildPhase; buildActionMask = 2147483647; files = (); runOnlyForDeploymentPostprocessing = 0; };
/* End PBXFrameworksBuildPhase section */

/* Begin PBXGroup section */
		220000000000000000000001 = {
			isa = PBXGroup;
			children = (
				220000000000000000000002 /* FatCatBreak */,
				220000000000000000000003 /* Shared */,
				220000000000000000000004 /* CatBreakMonitorExtension */,
				220000000000000000000005 /* CatShieldConfigurationExtension */,
				220000000000000000000006 /* Products */,
			);
			sourceTree = "<group>";
		};
		220000000000000000000002 /* FatCatBreak */ = {
			isa = PBXGroup;
			children = (
				200000000000000000000001 /* FatCatBreakApp.swift */,
				200000000000000000000002 /* AppModel.swift */,
				200000000000000000000003 /* ContentView.swift */,
				200000000000000000000004 /* CatBreakView.swift */,
				220000000000000000000007 /* Resources */,
				20000000000000000000000A /* FatCatBreak.entitlements */,
			);
			path = FatCatBreak;
			sourceTree = "<group>";
		};
		220000000000000000000007 /* Resources */ = {
			isa = PBXGroup;
			children = (
				200000000000000000000010 /* Firefly-fluffy-graycat.mp4 */,
			);
			path = Resources;
			sourceTree = "<group>";
		};
		220000000000000000000003 /* Shared */ = {
			isa = PBXGroup;
			children = (
				200000000000000000000005 /* CatConstants.swift */,
				200000000000000000000006 /* SharedActivityStore.swift */,
				200000000000000000000007 /* ScreenTimeScheduler.swift */,
			);
			path = Shared;
			sourceTree = "<group>";
		};
		220000000000000000000004 /* CatBreakMonitorExtension */ = {
			isa = PBXGroup;
			children = (
				200000000000000000000008 /* DeviceActivityMonitorExtension.swift */,
				20000000000000000000000B /* CatBreakMonitorExtension.entitlements */,
			);
			path = CatBreakMonitorExtension;
			sourceTree = "<group>";
		};
		220000000000000000000005 /* CatShieldConfigurationExtension */ = {
			isa = PBXGroup;
			children = (
				200000000000000000000009 /* ShieldConfigurationExtension.swift */,
				20000000000000000000000C /* CatShieldConfigurationExtension.entitlements */,
			);
			path = CatShieldConfigurationExtension;
			sourceTree = "<group>";
		};
		220000000000000000000006 /* Products */ = {
			isa = PBXGroup;
			children = (
				20000000000000000000000F /* FatCatBreak.app */,
				20000000000000000000000D /* CatBreakMonitorExtension.appex */,
				20000000000000000000000E /* CatShieldConfigurationExtension.appex */,
			);
			name = Products;
			sourceTree = "<group>";
		};
/* End PBXGroup section */

/* Begin PBXNativeTarget section */
		400000000000000000000001 /* FatCatBreak */ = {
			isa = PBXNativeTarget;
			buildConfigurationList = 500000000000000000000001 /* Build configuration list for PBXNativeTarget "FatCatBreak" */;
			buildPhases = (
				600000000000000000000001 /* Sources */,
				210000000000000000000001 /* Frameworks */,
				700000000000000000000001 /* Resources */,
				120000000000000000000001 /* Embed App Extensions */,
			);
			buildRules = ();
			dependencies = (
				130000000000000000000001 /* PBXTargetDependency */,
				130000000000000000000002 /* PBXTargetDependency */,
			);
			name = FatCatBreak;
			productName = FatCatBreak;
			productReference = 20000000000000000000000F /* FatCatBreak.app */;
			productType = "com.apple.product-type.application";
		};
		400000000000000000000002 /* CatBreakMonitorExtension */ = {
			isa = PBXNativeTarget;
			buildConfigurationList = 500000000000000000000002 /* Build configuration list for PBXNativeTarget "CatBreakMonitorExtension" */;
			buildPhases = (
				600000000000000000000002 /* Sources */,
				210000000000000000000002 /* Frameworks */,
				700000000000000000000002 /* Resources */,
			);
			buildRules = ();
			dependencies = ();
			name = CatBreakMonitorExtension;
			productName = CatBreakMonitorExtension;
			productReference = 20000000000000000000000D /* CatBreakMonitorExtension.appex */;
			productType = "com.apple.product-type.app-extension";
		};
		400000000000000000000003 /* CatShieldConfigurationExtension */ = {
			isa = PBXNativeTarget;
			buildConfigurationList = 500000000000000000000003 /* Build configuration list for PBXNativeTarget "CatShieldConfigurationExtension" */;
			buildPhases = (
				600000000000000000000003 /* Sources */,
				210000000000000000000003 /* Frameworks */,
				700000000000000000000003 /* Resources */,
			);
			buildRules = ();
			dependencies = ();
			name = CatShieldConfigurationExtension;
			productName = CatShieldConfigurationExtension;
			productReference = 20000000000000000000000E /* CatShieldConfigurationExtension.appex */;
			productType = "com.apple.product-type.app-extension";
		};
/* End PBXNativeTarget section */

/* Begin PBXProject section */
		300000000000000000000001 /* Project object */ = {
			isa = PBXProject;
			attributes = {
				BuildIndependentTargetsInParallel = 1;
				LastSwiftUpdateCheck = 1600;
				LastUpgradeCheck = 1600;
				TargetAttributes = {
					400000000000000000000001 = {CreatedOnToolsVersion = 16.0; };
					400000000000000000000002 = {CreatedOnToolsVersion = 16.0; };
					400000000000000000000003 = {CreatedOnToolsVersion = 16.0; };
				};
			};
			buildConfigurationList = 500000000000000000000004 /* Build configuration list for PBXProject "FatCatBreak" */;
			compatibilityVersion = "Xcode 14.0";
			developmentRegion = en;
			hasScannedForEncodings = 0;
			knownRegions = (en, Base, );
			mainGroup = 220000000000000000000001;
			productRefGroup = 220000000000000000000006 /* Products */;
			projectDirPath = "";
			projectRoot = "";
			targets = (
				400000000000000000000001 /* FatCatBreak */,
				400000000000000000000002 /* CatBreakMonitorExtension */,
				400000000000000000000003 /* CatShieldConfigurationExtension */,
			);
		};
/* End PBXProject section */

/* Begin PBXResourcesBuildPhase section */
		700000000000000000000001 /* Resources */ = {isa = PBXResourcesBuildPhase; buildActionMask = 2147483647; files = (10000000000000000000000F /* Firefly-fluffy-graycat.mp4 in Resources */, ); runOnlyForDeploymentPostprocessing = 0; };
		700000000000000000000002 /* Resources */ = {isa = PBXResourcesBuildPhase; buildActionMask = 2147483647; files = (); runOnlyForDeploymentPostprocessing = 0; };
		700000000000000000000003 /* Resources */ = {isa = PBXResourcesBuildPhase; buildActionMask = 2147483647; files = (); runOnlyForDeploymentPostprocessing = 0; };
/* End PBXResourcesBuildPhase section */

/* Begin PBXSourcesBuildPhase section */
		600000000000000000000001 /* Sources */ = {
			isa = PBXSourcesBuildPhase;
			buildActionMask = 2147483647;
			files = (
				100000000000000000000001 /* FatCatBreakApp.swift in Sources */,
				100000000000000000000002 /* AppModel.swift in Sources */,
				100000000000000000000003 /* ContentView.swift in Sources */,
				100000000000000000000004 /* CatBreakView.swift in Sources */,
				100000000000000000000005 /* CatConstants.swift in Sources */,
				100000000000000000000006 /* SharedActivityStore.swift in Sources */,
				100000000000000000000007 /* ScreenTimeScheduler.swift in Sources */,
			);
			runOnlyForDeploymentPostprocessing = 0;
		};
		600000000000000000000002 /* Sources */ = {
			isa = PBXSourcesBuildPhase;
			buildActionMask = 2147483647;
			files = (
				100000000000000000000008 /* DeviceActivityMonitorExtension.swift in Sources */,
				100000000000000000000009 /* CatConstants.swift in Sources */,
				10000000000000000000000A /* SharedActivityStore.swift in Sources */,
				10000000000000000000000B /* ScreenTimeScheduler.swift in Sources */,
			);
			runOnlyForDeploymentPostprocessing = 0;
		};
		600000000000000000000003 /* Sources */ = {
			isa = PBXSourcesBuildPhase;
			buildActionMask = 2147483647;
			files = (
				10000000000000000000000C /* ShieldConfigurationExtension.swift in Sources */,
			);
			runOnlyForDeploymentPostprocessing = 0;
		};
/* End PBXSourcesBuildPhase section */

/* Begin PBXTargetDependency section */
		130000000000000000000001 /* PBXTargetDependency */ = {isa = PBXTargetDependency; target = 400000000000000000000002 /* CatBreakMonitorExtension */; targetProxy = 110000000000000000000001 /* PBXContainerItemProxy */; };
		130000000000000000000002 /* PBXTargetDependency */ = {isa = PBXTargetDependency; target = 400000000000000000000003 /* CatShieldConfigurationExtension */; targetProxy = 110000000000000000000002 /* PBXContainerItemProxy */; };
/* End PBXTargetDependency section */

/* Begin XCBuildConfiguration section */
		800000000000000000000001 /* Debug */ = {
			isa = XCBuildConfiguration;
			buildSettings = {
				ALWAYS_SEARCH_USER_PATHS = NO;
				CLANG_ANALYZER_NONNULL = YES;
				CLANG_ANALYZER_NUMBER_OBJECT_CONVERSION = YES_AGGRESSIVE;
				CLANG_CXX_LANGUAGE_STANDARD = "gnu++20";
				CLANG_ENABLE_MODULES = YES;
				CLANG_ENABLE_OBJC_ARC = YES;
				CLANG_ENABLE_OBJC_WEAK = YES;
				CLANG_WARN_BLOCK_CAPTURE_AUTORELEASING = YES;
				CLANG_WARN_BOOL_CONVERSION = YES;
				CLANG_WARN_COMMA = YES;
				CLANG_WARN_CONSTANT_CONVERSION = YES;
				CLANG_WARN_DEPRECATED_OBJC_IMPLEMENTATIONS = YES;
				CLANG_WARN_DIRECT_OBJC_ISA_USAGE = YES_ERROR;
				CLANG_WARN_DOCUMENTATION_COMMENTS = YES;
				CLANG_WARN_EMPTY_BODY = YES;
				CLANG_WARN_ENUM_CONVERSION = YES;
				CLANG_WARN_INFINITE_RECURSION = YES;
				CLANG_WARN_INT_CONVERSION = YES;
				CLANG_WARN_NON_LITERAL_NULL_CONVERSION = YES;
				CLANG_WARN_OBJC_IMPLICIT_RETAIN_SELF = YES;
				CLANG_WARN_OBJC_LITERAL_CONVERSION = YES;
				CLANG_WARN_OBJC_ROOT_CLASS = YES_ERROR;
				CLANG_WARN_QUOTED_INCLUDE_IN_FRAMEWORK_HEADER = YES;
				CLANG_WARN_RANGE_LOOP_ANALYSIS = YES;
				CLANG_WARN_STRICT_PROTOTYPES = YES;
				CLANG_WARN_SUSPICIOUS_MOVE = YES;
				CLANG_WARN_UNGUARDED_AVAILABILITY = YES_AGGRESSIVE;
				CLANG_WARN_UNREACHABLE_CODE = YES;
				CLANG_WARN__DUPLICATE_METHOD_MATCH = YES;
				COPY_PHASE_STRIP = NO;
				DEBUG_INFORMATION_FORMAT = dwarf;
				ENABLE_STRICT_OBJC_MSGSEND = YES;
				ENABLE_TESTABILITY = YES;
				ENABLE_USER_SCRIPT_SANDBOXING = YES;
				GCC_C_LANGUAGE_STANDARD = gnu17;
				GCC_DYNAMIC_NO_PIC = NO;
				GCC_NO_COMMON_BLOCKS = YES;
				GCC_OPTIMIZATION_LEVEL = 0;
				GCC_PREPROCESSOR_DEFINITIONS = ("DEBUG=1", "$(inherited)", );
				GCC_WARN_64_TO_32_BIT_CONVERSION = YES;
				GCC_WARN_ABOUT_RETURN_TYPE = YES_ERROR;
				GCC_WARN_UNDECLARED_SELECTOR = YES;
				GCC_WARN_UNINITIALIZED_AUTOS = YES_AGGRESSIVE;
				GCC_WARN_UNUSED_FUNCTION = YES;
				GCC_WARN_UNUSED_VARIABLE = YES;
				IPHONEOS_DEPLOYMENT_TARGET = 16.0;
				MTL_ENABLE_DEBUG_INFO = INCLUDE_SOURCE;
				MTL_FAST_MATH = YES;
				ONLY_ACTIVE_ARCH = YES;
				SDKROOT = iphoneos;
				SWIFT_ACTIVE_COMPILATION_CONDITIONS = DEBUG;
				SWIFT_OPTIMIZATION_LEVEL = "-Onone";
			};
			name = Debug;
		};
		800000000000000000000002 /* Release */ = {
			isa = XCBuildConfiguration;
			buildSettings = {
				ALWAYS_SEARCH_USER_PATHS = NO;
				CLANG_ANALYZER_NONNULL = YES;
				CLANG_ANALYZER_NUMBER_OBJECT_CONVERSION = YES_AGGRESSIVE;
				CLANG_CXX_LANGUAGE_STANDARD = "gnu++20";
				CLANG_ENABLE_MODULES = YES;
				CLANG_ENABLE_OBJC_ARC = YES;
				CLANG_ENABLE_OBJC_WEAK = YES;
				CLANG_WARN_BLOCK_CAPTURE_AUTORELEASING = YES;
				CLANG_WARN_BOOL_CONVERSION = YES;
				CLANG_WARN_COMMA = YES;
				CLANG_WARN_CONSTANT_CONVERSION = YES;
				CLANG_WARN_DEPRECATED_OBJC_IMPLEMENTATIONS = YES;
				CLANG_WARN_DIRECT_OBJC_ISA_USAGE = YES_ERROR;
				CLANG_WARN_DOCUMENTATION_COMMENTS = YES;
				CLANG_WARN_EMPTY_BODY = YES;
				CLANG_WARN_ENUM_CONVERSION = YES;
				CLANG_WARN_INFINITE_RECURSION = YES;
				CLANG_WARN_INT_CONVERSION = YES;
				CLANG_WARN_NON_LITERAL_NULL_CONVERSION = YES;
				CLANG_WARN_OBJC_IMPLICIT_RETAIN_SELF = YES;
				CLANG_WARN_OBJC_LITERAL_CONVERSION = YES;
				CLANG_WARN_OBJC_ROOT_CLASS = YES_ERROR;
				CLANG_WARN_QUOTED_INCLUDE_IN_FRAMEWORK_HEADER = YES;
				CLANG_WARN_RANGE_LOOP_ANALYSIS = YES;
				CLANG_WARN_STRICT_PROTOTYPES = YES;
				CLANG_WARN_SUSPICIOUS_MOVE = YES;
				CLANG_WARN_UNGUARDED_AVAILABILITY = YES_AGGRESSIVE;
				CLANG_WARN_UNREACHABLE_CODE = YES;
				CLANG_WARN__DUPLICATE_METHOD_MATCH = YES;
				COPY_PHASE_STRIP = NO;
				DEBUG_INFORMATION_FORMAT = "dwarf-with-dsym";
				ENABLE_NS_ASSERTIONS = NO;
				ENABLE_STRICT_OBJC_MSGSEND = YES;
				ENABLE_USER_SCRIPT_SANDBOXING = YES;
				GCC_C_LANGUAGE_STANDARD = gnu17;
				GCC_NO_COMMON_BLOCKS = YES;
				GCC_WARN_64_TO_32_BIT_CONVERSION = YES;
				GCC_WARN_ABOUT_RETURN_TYPE = YES_ERROR;
				GCC_WARN_UNDECLARED_SELECTOR = YES;
				GCC_WARN_UNINITIALIZED_AUTOS = YES_AGGRESSIVE;
				GCC_WARN_UNUSED_FUNCTION = YES;
				GCC_WARN_UNUSED_VARIABLE = YES;
				IPHONEOS_DEPLOYMENT_TARGET = 16.0;
				MTL_ENABLE_DEBUG_INFO = NO;
				MTL_FAST_MATH = YES;
				SDKROOT = iphoneos;
				SWIFT_COMPILATION_MODE = wholemodule;
				VALIDATE_PRODUCT = YES;
			};
			name = Release;
		};
		800000000000000000000003 /* Debug */ = {
			isa = XCBuildConfiguration;
			buildSettings = {
				CODE_SIGN_ENTITLEMENTS = FatCatBreak/FatCatBreak.entitlements;
				CODE_SIGN_STYLE = Automatic;
				GENERATE_INFOPLIST_FILE = NO;
				INFOPLIST_FILE = FatCatBreak/Info.plist;
				IPHONEOS_DEPLOYMENT_TARGET = 16.0;
				LD_RUNPATH_SEARCH_PATHS = ("$(inherited)", "@executable_path/Frameworks", );
				MARKETING_VERSION = 1.0;
				CURRENT_PROJECT_VERSION = 1;
				PRODUCT_BUNDLE_IDENTIFIER = com.example.FatCatBreak;
				PRODUCT_NAME = "$(TARGET_NAME)";
				SWIFT_EMIT_LOC_STRINGS = YES;
				SWIFT_VERSION = 5.0;
				TARGETED_DEVICE_FAMILY = "1,2";
			};
			name = Debug;
		};
		800000000000000000000004 /* Release */ = {
			isa = XCBuildConfiguration;
			buildSettings = {
				CODE_SIGN_ENTITLEMENTS = FatCatBreak/FatCatBreak.entitlements;
				CODE_SIGN_STYLE = Automatic;
				GENERATE_INFOPLIST_FILE = NO;
				INFOPLIST_FILE = FatCatBreak/Info.plist;
				IPHONEOS_DEPLOYMENT_TARGET = 16.0;
				LD_RUNPATH_SEARCH_PATHS = ("$(inherited)", "@executable_path/Frameworks", );
				MARKETING_VERSION = 1.0;
				CURRENT_PROJECT_VERSION = 1;
				PRODUCT_BUNDLE_IDENTIFIER = com.example.FatCatBreak;
				PRODUCT_NAME = "$(TARGET_NAME)";
				SWIFT_EMIT_LOC_STRINGS = YES;
				SWIFT_VERSION = 5.0;
				TARGETED_DEVICE_FAMILY = "1,2";
			};
			name = Release;
		};
		800000000000000000000005 /* Debug */ = {
			isa = XCBuildConfiguration;
			buildSettings = {
				APPLICATION_EXTENSION_API_ONLY = YES;
				CODE_SIGN_ENTITLEMENTS = CatBreakMonitorExtension/CatBreakMonitorExtension.entitlements;
				CODE_SIGN_STYLE = Automatic;
				GENERATE_INFOPLIST_FILE = NO;
				INFOPLIST_FILE = CatBreakMonitorExtension/Info.plist;
				IPHONEOS_DEPLOYMENT_TARGET = 16.0;
				LD_RUNPATH_SEARCH_PATHS = ("$(inherited)", "@executable_path/Frameworks", "@executable_path/../../Frameworks", );
				MARKETING_VERSION = 1.0;
				CURRENT_PROJECT_VERSION = 1;
				PRODUCT_BUNDLE_IDENTIFIER = com.example.FatCatBreak.CatBreakMonitorExtension;
				PRODUCT_NAME = "$(TARGET_NAME)";
				SKIP_INSTALL = YES;
				SWIFT_EMIT_LOC_STRINGS = YES;
				SWIFT_VERSION = 5.0;
				TARGETED_DEVICE_FAMILY = "1,2";
			};
			name = Debug;
		};
		800000000000000000000006 /* Release */ = {
			isa = XCBuildConfiguration;
			buildSettings = {
				APPLICATION_EXTENSION_API_ONLY = YES;
				CODE_SIGN_ENTITLEMENTS = CatBreakMonitorExtension/CatBreakMonitorExtension.entitlements;
				CODE_SIGN_STYLE = Automatic;
				GENERATE_INFOPLIST_FILE = NO;
				INFOPLIST_FILE = CatBreakMonitorExtension/Info.plist;
				IPHONEOS_DEPLOYMENT_TARGET = 16.0;
				LD_RUNPATH_SEARCH_PATHS = ("$(inherited)", "@executable_path/Frameworks", "@executable_path/../../Frameworks", );
				MARKETING_VERSION = 1.0;
				CURRENT_PROJECT_VERSION = 1;
				PRODUCT_BUNDLE_IDENTIFIER = com.example.FatCatBreak.CatBreakMonitorExtension;
				PRODUCT_NAME = "$(TARGET_NAME)";
				SKIP_INSTALL = YES;
				SWIFT_EMIT_LOC_STRINGS = YES;
				SWIFT_VERSION = 5.0;
				TARGETED_DEVICE_FAMILY = "1,2";
			};
			name = Release;
		};
		800000000000000000000007 /* Debug */ = {
			isa = XCBuildConfiguration;
			buildSettings = {
				APPLICATION_EXTENSION_API_ONLY = YES;
				CODE_SIGN_ENTITLEMENTS = CatShieldConfigurationExtension/CatShieldConfigurationExtension.entitlements;
				CODE_SIGN_STYLE = Automatic;
				GENERATE_INFOPLIST_FILE = NO;
				INFOPLIST_FILE = CatShieldConfigurationExtension/Info.plist;
				IPHONEOS_DEPLOYMENT_TARGET = 16.0;
				LD_RUNPATH_SEARCH_PATHS = ("$(inherited)", "@executable_path/Frameworks", "@executable_path/../../Frameworks", );
				MARKETING_VERSION = 1.0;
				CURRENT_PROJECT_VERSION = 1;
				PRODUCT_BUNDLE_IDENTIFIER = com.example.FatCatBreak.CatShieldConfigurationExtension;
				PRODUCT_NAME = "$(TARGET_NAME)";
				SKIP_INSTALL = YES;
				SWIFT_EMIT_LOC_STRINGS = YES;
				SWIFT_VERSION = 5.0;
				TARGETED_DEVICE_FAMILY = "1,2";
			};
			name = Debug;
		};
		800000000000000000000008 /* Release */ = {
			isa = XCBuildConfiguration;
			buildSettings = {
				APPLICATION_EXTENSION_API_ONLY = YES;
				CODE_SIGN_ENTITLEMENTS = CatShieldConfigurationExtension/CatShieldConfigurationExtension.entitlements;
				CODE_SIGN_STYLE = Automatic;
				GENERATE_INFOPLIST_FILE = NO;
				INFOPLIST_FILE = CatShieldConfigurationExtension/Info.plist;
				IPHONEOS_DEPLOYMENT_TARGET = 16.0;
				LD_RUNPATH_SEARCH_PATHS = ("$(inherited)", "@executable_path/Frameworks", "@executable_path/../../Frameworks", );
				MARKETING_VERSION = 1.0;
				CURRENT_PROJECT_VERSION = 1;
				PRODUCT_BUNDLE_IDENTIFIER = com.example.FatCatBreak.CatShieldConfigurationExtension;
				PRODUCT_NAME = "$(TARGET_NAME)";
				SKIP_INSTALL = YES;
				SWIFT_EMIT_LOC_STRINGS = YES;
				SWIFT_VERSION = 5.0;
				TARGETED_DEVICE_FAMILY = "1,2";
			};
			name = Release;
		};
/* End XCBuildConfiguration section */

/* Begin XCConfigurationList section */
		500000000000000000000001 /* Build configuration list for PBXNativeTarget "FatCatBreak" */ = {
			isa = XCConfigurationList;
			buildConfigurations = (800000000000000000000003 /* Debug */, 800000000000000000000004 /* Release */, );
			defaultConfigurationIsVisible = 0;
			defaultConfigurationName = Release;
		};
		500000000000000000000002 /* Build configuration list for PBXNativeTarget "CatBreakMonitorExtension" */ = {
			isa = XCConfigurationList;
			buildConfigurations = (800000000000000000000005 /* Debug */, 800000000000000000000006 /* Release */, );
			defaultConfigurationIsVisible = 0;
			defaultConfigurationName = Release;
		};
		500000000000000000000003 /* Build configuration list for PBXNativeTarget "CatShieldConfigurationExtension" */ = {
			isa = XCConfigurationList;
			buildConfigurations = (800000000000000000000007 /* Debug */, 800000000000000000000008 /* Release */, );
			defaultConfigurationIsVisible = 0;
			defaultConfigurationName = Release;
		};
		500000000000000000000004 /* Build configuration list for PBXProject "FatCatBreak" */ = {
			isa = XCConfigurationList;
			buildConfigurations = (800000000000000000000001 /* Debug */, 800000000000000000000002 /* Release */, );
			defaultConfigurationIsVisible = 0;
			defaultConfigurationName = Release;
		};
/* End XCConfigurationList section */
	};
	rootObject = 300000000000000000000001 /* Project object */;
}
